# @generated - this file is auto-generated by `mise lock` https://mise.jdx.dev/dev-tools/mise-lock.html

[[tools.java]]
version = "temurin-17.0.20+8"
backend = "core:java"

[tools.java."platforms.linux-x64"]
checksum = "sha256:be7668bc030d578b83d6d5ef9221d6d6729bbbca8cf94a7d52e16ac68b5a5a35"
url = "https://github.com/adoptium/temurin17-binaries/releases/download/jdk-17.0.20%2B8/OpenJDK17U-jdk_x64_linux_hotspot_17.0.20_8.tar.gz"

[tools.java."platforms.macos-arm64"]
checksum = "sha256:524850138c742324fb21fca4ff6ef68ea25f25bf59366a864e45b4a0c45ed0df"
url = "https://github.com/adoptium/temurin17-binaries/releases/download/jdk-17.0.20%2B8/OpenJDK17U-jdk_aarch64_mac_hotspot_17.0.20_8.tar.gz"

[[tools.rust]]
version = "1.97.1"
backend = "core:rust"
